{
  "requires": true,
  "lockfileVersion": 1,
  "dependencies": {
    "vue-router": {
      "version": "3.4.6",
      "resolved": "https://registry.npmjs.org/vue-router/-/vue-router-3.4.6.tgz",
      "integrity": "sha512-kaXnB3pfFxhAJl/Mp+XG1HJMyFqrL/xPqV7oXlpXn4AwMmm6VNgf0nllW8ksflmZANfI4kdo0bVn/FYSsAolPQ=="
    }
  }
}
